
Microsoft Visual Studio Solution File, Format Version 12.00
# Visual Studio Version 17
VisualStudioVersion = 17.5.002.0
MinimumVisualStudioVersion = 10.0.40219.1
Project("{2150E333-8FDC-42A3-9474-1A3956D46DE8}") = "sandbox", "sandbox", "{9A670C69-56F0-4395-A574-1D1674A04B7F}"
EndProject
Project("{9A19103F-16F7-4668-BE54-9A1E7A4F7556}") = "sandbox_project", "sandbox\sandbox_project\sandbox_project.csproj", "{96F42AE3-63B1-4AA2-BE49-D85CAA9F139C}"
EndProject
Project("{2150E333-8FDC-42A3-9474-1A3956D46DE8}") = "week01", "week01", "{9107B8F7-39EF-491F-99E9-C271A859E9BE}"
EndProject
Project("{9A19103F-16F7-4668-BE54-9A1E7A4F7556}") = "analyze", "week01\analyze\analyze.csproj", "{84264A33-3E30-420A-8302-B539BDD89EF6}"
EndProject
Project("{9A19103F-16F7-4668-BE54-9A1E7A4F7556}") = "code", "week01\code\code.csproj", "{9E92CE69-9120-4B49-8BD3-675E4F522764}"
EndProject
Project("{9A19103F-16F7-4668-BE54-9A1E7A4F7556}") = "teach", "week01\teach\teach.csproj", "{76AD6EF1-1437-4250-9B44-55E0BA98A729}"
EndProject
Project("{2150E333-8FDC-42A3-9474-1A3956D46DE8}") = "week02", "week02", "{2CE69D11-E764-4AD3-AFC3-6C64641DCCA2}"
EndProject
Project("{9A19103F-16F7-4668-BE54-9A1E7A4F7556}") = "analyze", "week02\analyze\analyze.csproj", "{FA593F7E-8E52-4427-99C3-6BCA0F314E93}"
EndProject
Project("{9A19103F-16F7-4668-BE54-9A1E7A4F7556}") = "code", "week02\code\code.csproj", "{B93D2FAA-E0E9-45D4-B119-DF8C45C71D75}"
EndProject
Project("{9A19103F-16F7-4668-BE54-9A1E7A4F7556}") = "learn", "week02\learn\learn.csproj", "{12B28AD5-410A-4CA6-AFFC-EC2C3D6CA079}"
EndProject
Project("{9A19103F-16F7-4668-BE54-9A1E7A4F7556}") = "teach", "week02\teach\teach.csproj", "{5C1AFF4F-B544-4919-93D5-A644E5A3A310}"
EndProject
Project("{2150E333-8FDC-42A3-9474-1A3956D46DE8}") = "week03", "week03", "{AFA2C400-6B4F-43BE-AB9A-A794AD13D100}"
EndProject
Project("{9A19103F-16F7-4668-BE54-9A1E7A4F7556}") = "code", "week03\code\code.csproj", "{7BA85887-74D6-4F87-AE4A-47FC7ECB6AB4}"
EndProject
Project("{9A19103F-16F7-4668-BE54-9A1E7A4F7556}") = "learn", "week03\learn\learn.csproj", "{F422B39E-D144-4483-B0D5-9CB58E899249}"
EndProject
Project("{9A19103F-16F7-4668-BE54-9A1E7A4F7556}") = "teach", "week03\teach\teach.csproj", "{415184F4-5A9E-4BF4-ACB5-ECD08062CF33}"
EndProject
Project("{2150E333-8FDC-42A3-9474-1A3956D46DE8}") = "week04", "week04", "{767434DD-4CC4-473F-A40E-75591D8C8055}"
EndProject
Project("{9A19103F-16F7-4668-BE54-9A1E7A4F7556}") = "code", "week04\code\code.csproj", "{EF1FDDC5-1732-4831-A55E-F220C6597BD6}"
EndProject
Project("{2150E333-8FDC-42A3-9474-1A3956D46DE8}") = "week05", "week05", "{C2EF9591-02B5-4155-9C13-F475EC9F0528}"
EndProject
Project("{9A19103F-16F7-4668-BE54-9A1E7A4F7556}") = "code", "week05\code\code.csproj", "{552CCF11-FCD2-48AB-9984-4B85E88A7A2E}"
EndProject
Project("{2150E333-8FDC-42A3-9474-1A3956D46DE8}") = "week06", "week06", "{F13B2F72-0F87-480F-B07A-82B3CAAB442E}"
EndProject
Project("{9A19103F-16F7-4668-BE54-9A1E7A4F7556}") = "code", "week06\code\code.csproj", "{0D06AD46-69AF-4F64-B0AB-C8369C4EC22F}"
EndProject
Global
	GlobalSection(SolutionConfigurationPlatforms) = preSolution
		Debug|Any CPU = Debug|Any CPU
		Release|Any CPU = Release|Any CPU
	EndGlobalSection
	GlobalSection(ProjectConfigurationPlatforms) = postSolution
		{96F42AE3-63B1-4AA2-BE49-D85CAA9F139C}.Debug|Any CPU.ActiveCfg = Debug|Any CPU
		{96F42AE3-63B1-4AA2-BE49-D85CAA9F139C}.Debug|Any CPU.Build.0 = Debug|Any CPU
		{96F42AE3-63B1-4AA2-BE49-D85CAA9F139C}.Release|Any CPU.ActiveCfg = Release|Any CPU
		{96F42AE3-63B1-4AA2-BE49-D85CAA9F139C}.Release|Any CPU.Build.0 = Release|Any CPU
		{84264A33-3E30-420A-8302-B539BDD89EF6}.Debug|Any CPU.ActiveCfg = Debug|Any CPU
		{84264A33-3E30-420A-8302-B539BDD89EF6}.Debug|Any CPU.Build.0 = Debug|Any CPU
		{84264A33-3E30-420A-8302-B539BDD89EF6}.Release|Any CPU.ActiveCfg = Release|Any CPU
		{84264A33-3E30-420A-8302-B539BDD89EF6}.Release|Any CPU.Build.0 = Release|Any CPU
		{9E92CE69-9120-4B49-8BD3-675E4F522764}.Debug|Any CPU.ActiveCfg = Debug|Any CPU
		{9E92CE69-9120-4B49-8BD3-675E4F522764}.Debug|Any CPU.Build.0 = Debug|Any CPU
		{9E92CE69-9120-4B49-8BD3-675E4F522764}.Release|Any CPU.ActiveCfg = Release|Any CPU
		{9E92CE69-9120-4B49-8BD3-675E4F522764}.Release|Any CPU.Build.0 = Release|Any CPU
		{76AD6EF1-1437-4250-9B44-55E0BA98A729}.Debug|Any CPU.ActiveCfg = Debug|Any CPU
		{76AD6EF1-1437-4250-9B44-55E0BA98A729}.Debug|Any CPU.Build.0 = Debug|Any CPU
		{76AD6EF1-1437-4250-9B44-55E0BA98A729}.Release|Any CPU.ActiveCfg = Release|Any CPU
		{76AD6EF1-1437-4250-9B44-55E0BA98A729}.Release|Any CPU.Build.0 = Release|Any CPU
		{FA593F7E-8E52-4427-99C3-6BCA0F314E93}.Debug|Any CPU.ActiveCfg = Debug|Any CPU
		{FA593F7E-8E52-4427-99C3-6BCA0F314E93}.Debug|Any CPU.Build.0 = Debug|Any CPU
		{FA593F7E-8E52-4427-99C3-6BCA0F314E93}.Release|Any CPU.ActiveCfg = Release|Any CPU
		{FA593F7E-8E52-4427-99C3-6BCA0F314E93}.Release|Any CPU.Build.0 = Release|Any CPU
		{B93D2FAA-E0E9-45D4-B119-DF8C45C71D75}.Debug|Any CPU.ActiveCfg = Debug|Any CPU
		{B93D2FAA-E0E9-45D4-B119-DF8C45C71D75}.Debug|Any CPU.Build.0 = Debug|Any CPU
		{B93D2FAA-E0E9-45D4-B119-DF8C45C71D75}.Release|Any CPU.ActiveCfg = Release|Any CPU
		{B93D2FAA-E0E9-45D4-B119-DF8C45C71D75}.Release|Any CPU.Build.0 = Release|Any CPU
		{12B28AD5-410A-4CA6-AFFC-EC2C3D6CA079}.Debug|Any CPU.ActiveCfg = Debug|Any CPU
		{12B28AD5-410A-4CA6-AFFC-EC2C3D6CA079}.Debug|Any CPU.Build.0 = Debug|Any CPU
		{12B28AD5-410A-4CA6-AFFC-EC2C3D6CA079}.Release|Any CPU.ActiveCfg = Release|Any CPU
		{12B28AD5-410A-4CA6-AFFC-EC2C3D6CA079}.Release|Any CPU.Build.0 = Release|Any CPU
		{5C1AFF4F-B544-4919-93D5-A644E5A3A310}.Debug|Any CPU.ActiveCfg = Debug|Any CPU
		{5C1AFF4F-B544-4919-93D5-A644E5A3A310}.Debug|Any CPU.Build.0 = Debug|Any CPU
		{5C1AFF4F-B544-4919-93D5-A644E5A3A310}.Release|Any CPU.ActiveCfg = Release|Any CPU
		{5C1AFF4F-B544-4919-93D5-A644E5A3A310}.Release|Any CPU.Build.0 = Release|Any CPU
		{7BA85887-74D6-4F87-AE4A-47FC7ECB6AB4}.Debug|Any CPU.ActiveCfg = Debug|Any CPU
		{7BA85887-74D6-4F87-AE4A-47FC7ECB6AB4}.Debug|Any CPU.Build.0 = Debug|Any CPU
		{7BA85887-74D6-4F87-AE4A-47FC7ECB6AB4}.Release|Any CPU.ActiveCfg = Release|Any CPU
		{7BA85887-74D6-4F87-AE4A-47FC7ECB6AB4}.Release|Any CPU.Build.0 = Release|Any CPU
		{F422B39E-D144-4483-B0D5-9CB58E899249}.Debug|Any CPU.ActiveCfg = Debug|Any CPU
		{F422B39E-D144-4483-B0D5-9CB58E899249}.Debug|Any CPU.Build.0 = Debug|Any CPU
		{F422B39E-D144-4483-B0D5-9CB58E899249}.Release|Any CPU.ActiveCfg = Release|Any CPU
		{F422B39E-D144-4483-B0D5-9CB58E899249}.Release|Any CPU.Build.0 = Release|Any CPU
		{415184F4-5A9E-4BF4-ACB5-ECD08062CF33}.Debug|Any CPU.ActiveCfg = Debug|Any CPU
		{415184F4-5A9E-4BF4-ACB5-ECD08062CF33}.Debug|Any CPU.Build.0 = Debug|Any CPU
		{415184F4-5A9E-4BF4-ACB5-ECD08062CF33}.Release|Any CPU.ActiveCfg = Release|Any CPU
		{415184F4-5A9E-4BF4-ACB5-ECD08062CF33}.Release|Any CPU.Build.0 = Release|Any CPU
		{EF1FDDC5-1732-4831-A55E-F220C6597BD6}.Debug|Any CPU.ActiveCfg = Debug|Any CPU
		{EF1FDDC5-1732-4831-A55E-F220C6597BD6}.Debug|Any CPU.Build.0 = Debug|Any CPU
		{EF1FDDC5-1732-4831-A55E-F220C6597BD6}.Release|Any CPU.ActiveCfg = Release|Any CPU
		{EF1FDDC5-1732-4831-A55E-F220C6597BD6}.Release|Any CPU.Build.0 = Release|Any CPU
		{552CCF11-FCD2-48AB-9984-4B85E88A7A2E}.Debug|Any CPU.ActiveCfg = Debug|Any CPU
		{552CCF11-FCD2-48AB-9984-4B85E88A7A2E}.Debug|Any CPU.Build.0 = Debug|Any CPU
		{552CCF11-FCD2-48AB-9984-4B85E88A7A2E}.Release|Any CPU.ActiveCfg = Release|Any CPU
		{552CCF11-FCD2-48AB-9984-4B85E88A7A2E}.Release|Any CPU.Build.0 = Release|Any CPU
		{0D06AD46-69AF-4F64-B0AB-C8369C4EC22F}.Debug|Any CPU.ActiveCfg = Debug|Any CPU
		{0D06AD46-69AF-4F64-B0AB-C8369C4EC22F}.Debug|Any CPU.Build.0 = Debug|Any CPU
		{0D06AD46-69AF-4F64-B0AB-C8369C4EC22F}.Release|Any CPU.ActiveCfg = Release|Any CPU
		{0D06AD46-69AF-4F64-B0AB-C8369C4EC22F}.Release|Any CPU.Build.0 = Release|Any CPU
	EndGlobalSection
	GlobalSection(SolutionProperties) = preSolution
		HideSolutionNode = FALSE
	EndGlobalSection
	GlobalSection(NestedProjects) = preSolution
		{96F42AE3-63B1-4AA2-BE49-D85CAA9F139C} = {9A670C69-56F0-4395-A574-1D1674A04B7F}
		{84264A33-3E30-420A-8302-B539BDD89EF6} = {9107B8F7-39EF-491F-99E9-C271A859E9BE}
		{9E92CE69-9120-4B49-8BD3-675E4F522764} = {9107B8F7-39EF-491F-99E9-C271A859E9BE}
		{76AD6EF1-1437-4250-9B44-55E0BA98A729} = {9107B8F7-39EF-491F-99E9-C271A859E9BE}
		{FA593F7E-8E52-4427-99C3-6BCA0F314E93} = {2CE69D11-E764-4AD3-AFC3-6C64641DCCA2}
		{B93D2FAA-E0E9-45D4-B119-DF8C45C71D75} = {2CE69D11-E764-4AD3-AFC3-6C64641DCCA2}
		{12B28AD5-410A-4CA6-AFFC-EC2C3D6CA079} = {2CE69D11-E764-4AD3-AFC3-6C64641DCCA2}
		{5C1AFF4F-B544-4919-93D5-A644E5A3A310} = {2CE69D11-E764-4AD3-AFC3-6C64641DCCA2}
		{7BA85887-74D6-4F87-AE4A-47FC7ECB6AB4} = {AFA2C400-6B4F-43BE-AB9A-A794AD13D100}
		{F422B39E-D144-4483-B0D5-9CB58E899249} = {AFA2C400-6B4F-43BE-AB9A-A794AD13D100}
		{415184F4-5A9E-4BF4-ACB5-ECD08062CF33} = {AFA2C400-6B4F-43BE-AB9A-A794AD13D100}
		{EF1FDDC5-1732-4831-A55E-F220C6597BD6} = {767434DD-4CC4-473F-A40E-75591D8C8055}
		{552CCF11-FCD2-48AB-9984-4B85E88A7A2E} = {C2EF9591-02B5-4155-9C13-F475EC9F0528}
		{0D06AD46-69AF-4F64-B0AB-C8369C4EC22F} = {F13B2F72-0F87-480F-B07A-82B3CAAB442E}
	EndGlobalSection
	GlobalSection(ExtensibilityGlobals) = postSolution
		SolutionGuid = {92D36722-F4FE-4C40-968F-C0B39ED0EC7E}
	EndGlobalSection
EndGlobal
